// !$*UTF8*$!
{
	archiveVersion = 1;
	classes = {
	};
	objectVersion = 56;
	objects = {

/* Begin PBXBuildFile section */
		1FBC53ED29E7DDBA009B9BED /* InfoView.swift in Sources */ = {isa = PBXBuildFile; fileRef = 1FBC53EC29E7DDBA009B9BED /* InfoView.swift */; };
		1FBC53F029E83224009B9BED /* GoogleService-Info.plist in Resources */ = {isa = PBXBuildFile; fileRef = 1FBC53EF29E83224009B9BED /* GoogleService-Info.plist */; };
		1FBC53F329E832D0009B9BED /* FirebaseAnalytics in Frameworks */ = {isa = PBXBuildFile; productRef = 1FBC53F229E832D0009B9BED /* FirebaseAnalytics */; };
		1FBC53F529E832D0009B9BED /* FirebaseAnalyticsWithoutAdIdSupport in Frameworks */ = {isa = PBXBuildFile; productRef = 1FBC53F429E832D0009B9BED /* FirebaseAnalyticsWithoutAdIdSupport */; };
		1FBC53F729E86C47009B9BED /* AppTrackingTransparency.framework in Frameworks */ = {isa = PBXBuildFile; fileRef = 1FBC53F629E86C46009B9BED /* AppTrackingTransparency.framework */; };
		1FF7836A29E56BE20044E177 /* UserInteractionViewController.swift in Sources */ = {isa = PBXBuildFile; fileRef = 1FF7836929E56BE20044E177 /* UserInteractionViewController.swift */; };
		F469DEAA29CD68F700F63183 /* AppDelegate.swift in Sources */ = {isa = PBXBuildFile; fileRef = F469DEA929CD68F700F63183 /* AppDelegate.swift */; };
		F469DEAC29CD68F700F63183 /* SceneDelegate.swift in Sources */ = {isa = PBXBuildFile; fileRef = F469DEAB29CD68F700F63183 /* SceneDelegate.swift */; };
		F469DEAE29CD68F700F63183 /* ViewController.swift in Sources */ = {isa = PBXBuildFile; fileRef = F469DEAD29CD68F700F63183 /* ViewController.swift */; };
		F469DEB129CD68F700F63183 /* Main.storyboard in Resources */ = {isa = PBXBuildFile; fileRef = F469DEAF29CD68F700F63183 /* Main.storyboard */; };
		F469DEB329CD690000F63183 /* Assets.xcassets in Resources */ = {isa = PBXBuildFile; fileRef = F469DEB229CD690000F63183 /* Assets.xcassets */; };
		F469DEB629CD690000F63183 /* LaunchScreen.storyboard in Resources */ = {isa = PBXBuildFile; fileRef = F469DEB429CD690000F63183 /* LaunchScreen.storyboard */; };
		F4CB050129D16F4F0032CD0F /* UserInteractionView.swift in Sources */ = {isa = PBXBuildFile; fileRef = F4CB050029D16F4F0032CD0F /* UserInteractionView.swift */; };
		F4CB050329D172840032CD0F /* UserInteractionViewModel.swift in Sources */ = {isa = PBXBuildFile; fileRef = F4CB050229D172840032CD0F /* UserInteractionViewModel.swift */; };
		F4EED3A829D5664F00FC7444 /* small-miracle.mp3 in Resources */ = {isa = PBXBuildFile; fileRef = F4EED3A729D5664F00FC7444 /* small-miracle.mp3 */; };
		FE6671EACFE879B291C62DC8 /* Pods_StonePaperScissor.framework in Frameworks */ = {isa = PBXBuildFile; fileRef = 0690D5F13150E3456DCA28E2 /* Pods_StonePaperScissor.framework */; };
/* End PBXBuildFile section */

/* Begin PBXFileReference section */
		01916FC2E90AE4661AEFE082 /* Pods-StonePaperScissor.debug.xcconfig */ = {isa = PBXFileReference; includeInIndex = 1; lastKnownFileType = text.xcconfig; name = "Pods-StonePaperScissor.debug.xcconfig"; path = "Target Support Files/Pods-StonePaperScissor/Pods-StonePaperScissor.debug.xcconfig"; sourceTree = "<group>"; };
		0690D5F13150E3456DCA28E2 /* Pods_StonePaperScissor.framework */ = {isa = PBXFileReference; explicitFileType = wrapper.framework; includeInIndex = 0; path = Pods_StonePaperScissor.framework; sourceTree = BUILT_PRODUCTS_DIR; };
		1FBC53EC29E7DDBA009B9BED /* InfoView.swift */ = {isa = PBXFileReference; lastKnownFileType = sourcecode.swift; path = InfoView.swift; sourceTree = "<group>"; };
		1FBC53EE29E7E800009B9BED /* StonePaperScissor.entitlements */ = {isa = PBXFileReference; lastKnownFileType = text.plist.entitlements; path = StonePaperScissor.entitlements; sourceTree = "<group>"; };
		1FBC53EF29E83224009B9BED /* GoogleService-Info.plist */ = {isa = PBXFileReference; fileEncoding = 4; lastKnownFileType = text.plist.xml; path = "GoogleService-Info.plist"; sourceTree = "<group>"; };
		1FBC53F629E86C46009B9BED /* AppTrackingTransparency.framework */ = {isa = PBXFileReference; lastKnownFileType = wrapper.framework; name = AppTrackingTransparency.framework; path = System/Library/Frameworks/AppTrackingTransparency.framework; sourceTree = SDKROOT; };
		1FF7836929E56BE20044E177 /* UserInteractionViewController.swift */ = {isa = PBXFileReference; lastKnownFileType = sourcecode.swift; path = UserInteractionViewController.swift; sourceTree = "<group>"; };
		8429E009F7F2EE5ECE1C90F9 /* Pods-StonePaperScissor.release.xcconfig */ = {isa = PBXFileReference; includeInIndex = 1; lastKnownFileType = text.xcconfig; name = "Pods-StonePaperScissor.release.xcconfig"; path = "Target Support Files/Pods-StonePaperScissor/Pods-StonePaperScissor.release.xcconfig"; sourceTree = "<group>"; };
		F469DEA629CD68F700F63183 /* StonePaperScissor.app */ = {isa = PBXFileReference; explicitFileType = wrapper.application; includeInIndex = 0; path = StonePaperScissor.app; sourceTree = BUILT_PRODUCTS_DIR; };
		F469DEA929CD68F700F63183 /* AppDelegate.swift */ = {isa = PBXFileReference; lastKnownFileType = sourcecode.swift; path = AppDelegate.swift; sourceTree = "<group>"; };
		F469DEAB29CD68F700F63183 /* SceneDelegate.swift */ = {isa = PBXFileReference; lastKnownFileType = sourcecode.swift; path = SceneDelegate.swift; sourceTree = "<group>"; };
		F469DEAD29CD68F700F63183 /* ViewController.swift */ = {isa = PBXFileReference; lastKnownFileType = sourcecode.swift; path = ViewController.swift; sourceTree = "<group>"; };
		F469DEB029CD68F700F63183 /* Base */ = {isa = PBXFileReference; lastKnownFileType = file.storyboard; name = Base; path = Base.lproj/Main.storyboard; sourceTree = "<group>"; };
		F469DEB229CD690000F63183 /* Assets.xcassets */ = {isa = PBXFileReference; lastKnownFileType = folder.assetcatalog; path = Assets.xcassets; sourceTree = "<group>"; };
		F469DEB529CD690000F63183 /* Base */ = {isa = PBXFileReference; lastKnownFileType = file.storyboard; name = Base; path = Base.lproj/LaunchScreen.storyboard; sourceTree = "<group>"; };
		F469DEB729CD690000F63183 /* Info.plist */ = {isa = PBXFileReference; lastKnownFileType = text.plist.xml; path = Info.plist; sourceTree = "<group>"; };
		F4CB050029D16F4F0032CD0F /* UserInteractionView.swift */ = {isa = PBXFileReference; lastKnownFileType = sourcecode.swift; path = UserInteractionView.swift; sourceTree = "<group>"; };
		F4CB050229D172840032CD0F /* UserInteractionViewModel.swift */ = {isa = PBXFileReference; lastKnownFileType = sourcecode.swift; path = UserInteractionViewModel.swift; sourceTree = "<group>"; };
		F4EED3A729D5664F00FC7444 /* small-miracle.mp3 */ = {isa = PBXFileReference; lastKnownFileType = audio.mp3; path = "small-miracle.mp3"; sourceTree = "<group>"; };
/* End PBXFileReference section */

/* Begin PBXFrameworksBuildPhase section */
		F469DEA329CD68F700F63183 /* Frameworks */ = {
			isa = PBXFrameworksBuildPhase;
			buildActionMask = 2147483647;
			files = (
				1FBC53F329E832D0009B9BED /* FirebaseAnalytics in Frameworks */,
				1FBC53F729E86C47009B9BED /* AppTrackingTransparency.framework in Frameworks */,
				1FBC53F529E832D0009B9BED /* FirebaseAnalyticsWithoutAdIdSupport in Frameworks */,
				FE6671EACFE879B291C62DC8 /* Pods_StonePaperScissor.framework in Frameworks */,
			);
			runOnlyForDeploymentPostprocessing = 0;
		};
/* End PBXFrameworksBuildPhase section */

/* Begin PBXGroup section */
		1FF7836329E563B40044E177 /* SupportingFiles */ = {
			isa = PBXGroup;
			children = (
				F4EED3A729D5664F00FC7444 /* small-miracle.mp3 */,
				F469DEB229CD690000F63183 /* Assets.xcassets */,
			);
			path = SupportingFiles;
			sourceTree = "<group>";
		};
		1FF7836429E563D90044E177 /* StoryBoards */ = {
			isa = PBXGroup;
			children = (
				F469DEAF29CD68F700F63183 /* Main.storyboard */,
				F469DEB429CD690000F63183 /* LaunchScreen.storyboard */,
			);
			path = StoryBoards;
			sourceTree = "<group>";
		};
		1FF7836529E563F90044E177 /* AppDelegateFile */ = {
			isa = PBXGroup;
			children = (
				F469DEA929CD68F700F63183 /* AppDelegate.swift */,
				F469DEAB29CD68F700F63183 /* SceneDelegate.swift */,
			);
			path = AppDelegateFile;
			sourceTree = "<group>";
		};
		1FF7836629E564360044E177 /* Model */ = {
			isa = PBXGroup;
			children = (
			);
			path = Model;
			sourceTree = "<group>";
		};
		1FF7836729E5643F0044E177 /* View */ = {
			isa = PBXGroup;
			children = (
				F469DEAD29CD68F700F63183 /* ViewController.swift */,
				1FF7836929E56BE20044E177 /* UserInteractionViewController.swift */,
				F4CB050029D16F4F0032CD0F /* UserInteractionView.swift */,
				1FBC53EC29E7DDBA009B9BED /* InfoView.swift */,
			);
			path = View;
			sourceTree = "<group>";
		};
		1FF7836829E564510044E177 /* ViewModel */ = {
			isa = PBXGroup;
			children = (
				F4CB050229D172840032CD0F /* UserInteractionViewModel.swift */,
			);
			path = ViewModel;
			sourceTree = "<group>";
		};
		400C8DFE95611DDC6FAC5BEB /* Frameworks */ = {
			isa = PBXGroup;
			children = (
				1FBC53F629E86C46009B9BED /* AppTrackingTransparency.framework */,
				0690D5F13150E3456DCA28E2 /* Pods_StonePaperScissor.framework */,
			);
			name = Frameworks;
			sourceTree = "<group>";
		};
		A8841F7128F95AD95C688CCC /* Pods */ = {
			isa = PBXGroup;
			children = (
				01916FC2E90AE4661AEFE082 /* Pods-StonePaperScissor.debug.xcconfig */,
				8429E009F7F2EE5ECE1C90F9 /* Pods-StonePaperScissor.release.xcconfig */,
			);
			path = Pods;
			sourceTree = "<group>";
		};
		F469DE9D29CD68F700F63183 = {
			isa = PBXGroup;
			children = (
				F469DEA829CD68F700F63183 /* StonePaperScissor */,
				F469DEA729CD68F700F63183 /* Products */,
				A8841F7128F95AD95C688CCC /* Pods */,
				400C8DFE95611DDC6FAC5BEB /* Frameworks */,
			);
			sourceTree = "<group>";
		};
		F469DEA729CD68F700F63183 /* Products */ = {
			isa = PBXGroup;
			children = (
				F469DEA629CD68F700F63183 /* StonePaperScissor.app */,
			);
			name = Products;
			sourceTree = "<group>";
		};
		F469DEA829CD68F700F63183 /* StonePaperScissor */ = {
			isa = PBXGroup;
			children = (
				1FBC53EE29E7E800009B9BED /* StonePaperScissor.entitlements */,
				1FBC53EF29E83224009B9BED /* GoogleService-Info.plist */,
				F469DEB729CD690000F63183 /* Info.plist */,
				1FF7836629E564360044E177 /* Model */,
				1FF7836729E5643F0044E177 /* View */,
				1FF7836829E564510044E177 /* ViewModel */,
				1FF7836529E563F90044E177 /* AppDelegateFile */,
				1FF7836429E563D90044E177 /* StoryBoards */,
				1FF7836329E563B40044E177 /* SupportingFiles */,
			);
			path = StonePaperScissor;
			sourceTree = "<group>";
		};
/* End PBXGroup section */

/* Begin PBXNativeTarget section */
		F469DEA529CD68F700F63183 /* StonePaperScissor */ = {
			isa = PBXNativeTarget;
			buildConfigurationList = F469DEBA29CD690000F63183 /* Build configuration list for PBXNativeTarget "StonePaperScissor" */;
			buildPhases = (
				8454C1C2336C6072919ACE8B /* [CP] Check Pods Manifest.lock */,
				F469DEA229CD68F700F63183 /* Sources */,
				F469DEA329CD68F700F63183 /* Frameworks */,
				F469DEA429CD68F700F63183 /* Resources */,
				BEB9D420C94EAE7C6FF37F90 /* [CP] Embed Pods Frameworks */,
			);
			buildRules = (
			);
			dependencies = (
			);
			name = StonePaperScissor;
			packageProductDependencies = (
				1FBC53F229E832D0009B9BED /* FirebaseAnalytics */,
				1FBC53F429E832D0009B9BED /* FirebaseAnalyticsWithoutAdIdSupport */,
			);
			productName = StonePaperScissor;
			productReference = F469DEA629CD68F700F63183 /* StonePaperScissor.app */;
			productType = "com.apple.product-type.application";
		};
/* End PBXNativeTarget section */

/* Begin PBXProject section */
		F469DE9E29CD68F700F63183 /* Project object */ = {
			isa = PBXProject;
			attributes = {
				BuildIndependentTargetsInParallel = 1;
				LastSwiftUpdateCheck = 1420;
				LastUpgradeCheck = 1420;
				TargetAttributes = {
					F469DEA529CD68F700F63183 = {
						CreatedOnToolsVersion = 14.2;
					};
				};
			};
			buildConfigurationList = F469DEA129CD68F700F63183 /* Build configuration list for PBXProject "StonePaperScissor" */;
			compatibilityVersion = "Xcode 14.0";
			developmentRegion = en;
			hasScannedForEncodings = 0;
			knownRegions = (
				en,
				Base,
			);
			mainGroup = F469DE9D29CD68F700F63183;
			packageReferences = (
				1FBC53F129E832D0009B9BED /* XCRemoteSwiftPackageReference "firebase-ios-sdk" */,
			);
			productRefGroup = F469DEA729CD68F700F63183 /* Products */;
			projectDirPath = "";
			projectRoot = "";
			targets = (
				F469DEA529CD68F700F63183 /* StonePaperScissor */,
			);
		};
/* End PBXProject section */

/* Begin PBXResourcesBuildPhase section */
		F469DEA429CD68F700F63183 /* Resources */ = {
			isa = PBXResourcesBuildPhase;
			buildActionMask = 2147483647;
			files = (
				F469DEB629CD690000F63183 /* LaunchScreen.storyboard in Resources */,
				F469DEB329CD690000F63183 /* Assets.xcassets in Resources */,
				1FBC53F029E83224009B9BED /* GoogleService-Info.plist in Resources */,
				F4EED3A829D5664F00FC7444 /* small-miracle.mp3 in Resources */,
				F469DEB129CD68F700F63183 /* Main.storyboard in Resources */,
			);
			runOnlyForDeploymentPostprocessing = 0;
		};
/* End PBXResourcesBuildPhase section */

/* Begin PBXShellScriptBuildPhase section */
		8454C1C2336C6072919ACE8B /* [CP] Check Pods Manifest.lock */ = {
			isa = PBXShellScriptBuildPhase;
			buildActionMask = 2147483647;
			files = (
			);
			inputFileListPaths = (
			);
			inputPaths = (
				"${PODS_PODFILE_DIR_PATH}/Podfile.lock",
				"${PODS_ROOT}/Manifest.lock",
			);
			name = "[CP] Check Pods Manifest.lock";
			outputFileListPaths = (
			);
			outputPaths = (
				"$(DERIVED_FILE_DIR)/Pods-StonePaperScissor-checkManifestLockResult.txt",
			);
			runOnlyForDeploymentPostprocessing = 0;
			shellPath = /bin/sh;
			shellScript = "diff \"${PODS_PODFILE_DIR_PATH}/Podfile.lock\" \"${PODS_ROOT}/Manifest.lock\" > /dev/null\nif [ $? != 0 ] ; then\n    # print error to STDERR\n    echo \"error: The sandbox is not in sync with the Podfile.lock. Run 'pod install' or update your CocoaPods installation.\" >&2\n    exit 1\nfi\n# This output is used by Xcode 'outputs' to avoid re-running this script phase.\necho \"SUCCESS\" > \"${SCRIPT_OUTPUT_FILE_0}\"\n";
			showEnvVarsInLog = 0;
		};
		BEB9D420C94EAE7C6FF37F90 /* [CP] Embed Pods Frameworks */ = {
			isa = PBXShellScriptBuildPhase;
			buildActionMask = 2147483647;
			files = (
			);
			inputFileListPaths = (
				"${PODS_ROOT}/Target Support Files/Pods-StonePaperScissor/Pods-StonePaperScissor-frameworks-${CONFIGURATION}-input-files.xcfilelist",
			);
			name = "[CP] Embed Pods Frameworks";
			outputFileListPaths = (
				"${PODS_ROOT}/Target Support Files/Pods-StonePaperScissor/Pods-StonePaperScissor-frameworks-${CONFIGURATION}-output-files.xcfilelist",
			);
			runOnlyForDeploymentPostprocessing = 0;
			shellPath = /bin/sh;
			shellScript = "\"${PODS_ROOT}/Target Support Files/Pods-StonePaperScissor/Pods-StonePaperScissor-frameworks.sh\"\n";
			showEnvVarsInLog = 0;
		};
/* End PBXShellScriptBuildPhase section */

/* Begin PBXSourcesBuildPhase section */
		F469DEA229CD68F700F63183 /* Sources */ = {
			isa = PBXSourcesBuildPhase;
			buildActionMask = 2147483647;
			files = (
				1FBC53ED29E7DDBA009B9BED /* InfoView.swift in Sources */,
				1FF7836A29E56BE20044E177 /* UserInteractionViewController.swift in Sources */,
				F469DEAE29CD68F700F63183 /* ViewController.swift in Sources */,
				F4CB050329D172840032CD0F /* UserInteractionViewModel.swift in Sources */,
				F469DEAA29CD68F700F63183 /* AppDelegate.swift in Sources */,
				F4CB050129D16F4F0032CD0F /* UserInteractionView.swift in Sources */,
				F469DEAC29CD68F700F63183 /* SceneDelegate.swift in Sources */,
			);
			runOnlyForDeploymentPostprocessing = 0;
		};
/* End PBXSourcesBuildPhase section */

/* Begin PBXVariantGroup section */
		F469DEAF29CD68F700F63183 /* Main.storyboard */ = {
			isa = PBXVariantGroup;
			children = (
				F469DEB029CD68F700F63183 /* Base */,
			);
			name = Main.storyboard;
			sourceTree = "<group>";
		};
		F469DEB429CD690000F63183 /* LaunchScreen.storyboard */ = {
			isa = PBXVariantGroup;
			children = (
				F469DEB529CD690000F63183 /* Base */,
			);
			name = LaunchScreen.storyboard;
			sourceTree = "<group>";
		};
/* End PBXVariantGroup section */

/* Begin XCBuildConfiguration section */
		F469DEB829CD690000F63183 /* Debug */ = {
			isa = XCBuildConfiguration;
			buildSettings = {
				ALWAYS_SEARCH_USER_PATHS = NO;
				CLANG_ANALYZER_NONNULL = YES;
				CLANG_ANALYZER_NUMBER_OBJECT_CONVERSION = YES_AGGRESSIVE;
				CLANG_CXX_LANGUAGE_STANDARD = "gnu++20";
				CLANG_ENABLE_MODULES = YES;
				CLANG_ENABLE_OBJC_ARC = YES;
				CLANG_ENABLE_OBJC_WEAK = YES;
				CLANG_WARN_BLOCK_CAPTURE_AUTORELEASING = YES;
				CLANG_WARN_BOOL_CONVERSION = YES;
				CLANG_WARN_COMMA = YES;
				CLANG_WARN_CONSTANT_CONVERSION = YES;
				CLANG_WARN_DEPRECATED_OBJC_IMPLEMENTATIONS = YES;
				CLANG_WARN_DIRECT_OBJC_ISA_USAGE = YES_ERROR;
				CLANG_WARN_DOCUMENTATION_COMMENTS = YES;
				CLANG_WARN_EMPTY_BODY = YES;
				CLANG_WARN_ENUM_CONVERSION = YES;
				CLANG_WARN_INFINITE_RECURSION = YES;
				CLANG_WARN_INT_CONVERSION = YES;
				CLANG_WARN_NON_LITERAL_NULL_CONVERSION = YES;
				CLANG_WARN_OBJC_IMPLICIT_RETAIN_SELF = YES;
				CLANG_WARN_OBJC_LITERAL_CONVERSION = YES;
				CLANG_WARN_OBJC_ROOT_CLASS = YES_ERROR;
				CLANG_WARN_QUOTED_INCLUDE_IN_FRAMEWORK_HEADER = YES;
				CLANG_WARN_RANGE_LOOP_ANALYSIS = YES;
				CLANG_WARN_STRICT_PROTOTYPES = YES;
				CLANG_WARN_SUSPICIOUS_MOVE = YES;
				CLANG_WARN_UNGUARDED_AVAILABILITY = YES_AGGRESSIVE;
				CLANG_WARN_UNREACHABLE_CODE = YES;
				CLANG_WARN__DUPLICATE_METHOD_MATCH = YES;
				COPY_PHASE_STRIP = NO;
				DEBUG_INFORMATION_FORMAT = dwarf;
				ENABLE_STRICT_OBJC_MSGSEND = YES;
				ENABLE_TESTABILITY = YES;
				GCC_C_LANGUAGE_STANDARD = gnu11;
				GCC_DYNAMIC_NO_PIC = NO;
				GCC_NO_COMMON_BLOCKS = YES;
				GCC_OPTIMIZATION_LEVEL = 0;
				GCC_PREPROCESSOR_DEFINITIONS = (
					"DEBUG=1",
					"$(inherited)",
				);
				GCC_WARN_64_TO_32_BIT_CONVERSION = YES;
				GCC_WARN_ABOUT_RETURN_TYPE = YES_ERROR;
				GCC_WARN_UNDECLARED_SELECTOR = YES;
				GCC_WARN_UNINITIALIZED_AUTOS = YES_AGGRESSIVE;
				GCC_WARN_UNUSED_FUNCTION = YES;
				GCC_WARN_UNUSED_VARIABLE = YES;
				IPHONEOS_DEPLOYMENT_TARGET = 16.2;
				MTL_ENABLE_DEBUG_INFO = INCLUDE_SOURCE;
				MTL_FAST_MATH = YES;
				ONLY_ACTIVE_ARCH = YES;
				SDKROOT = iphoneos;
				SWIFT_ACTIVE_COMPILATION_CONDITIONS = DEBUG;
				SWIFT_OPTIMIZATION_LEVEL = "-Onone";
			};
			name = Debug;
		};
		F469DEB929CD690000F63183 /* Release */ = {
			isa = XCBuildConfiguration;
			buildSettings = {
				ALWAYS_SEARCH_USER_PATHS = NO;
				CLANG_ANALYZER_NONNULL = YES;
				CLANG_ANALYZER_NUMBER_OBJECT_CONVERSION = YES_AGGRESSIVE;
				CLANG_CXX_LANGUAGE_STANDARD = "gnu++20";
				CLANG_ENABLE_MODULES = YES;
				CLANG_ENABLE_OBJC_ARC = YES;
				CLANG_ENABLE_OBJC_WEAK = YES;
				CLANG_WARN_BLOCK_CAPTURE_AUTORELEASING = YES;
				CLANG_WARN_BOOL_CONVERSION = YES;
				CLANG_WARN_COMMA = YES;
				CLANG_WARN_CONSTANT_CONVERSION = YES;
				CLANG_WARN_DEPRECATED_OBJC_IMPLEMENTATIONS = YES;
				CLANG_WARN_DIRECT_OBJC_ISA_USAGE = YES_ERROR;
				CLANG_WARN_DOCUMENTATION_COMMENTS = YES;
				CLANG_WARN_EMPTY_BODY = YES;
				CLANG_WARN_ENUM_CONVERSION = YES;
				CLANG_WARN_INFINITE_RECURSION = YES;
				CLANG_WARN_INT_CONVERSION = YES;
				CLANG_WARN_NON_LITERAL_NULL_CONVERSION = YES;
				CLANG_WARN_OBJC_IMPLICIT_RETAIN_SELF = YES;
				CLANG_WARN_OBJC_LITERAL_CONVERSION = YES;
				CLANG_WARN_OBJC_ROOT_CLASS = YES_ERROR;
				CLANG_WARN_QUOTED_INCLUDE_IN_FRAMEWORK_HEADER = YES;
				CLANG_WARN_RANGE_LOOP_ANALYSIS = YES;
				CLANG_WARN_STRICT_PROTOTYPES = YES;
				CLANG_WARN_SUSPICIOUS_MOVE = YES;
				CLANG_WARN_UNGUARDED_AVAILABILITY = YES_AGGRESSIVE;
				CLANG_WARN_UNREACHABLE_CODE = YES;
				CLANG_WARN__DUPLICATE_METHOD_MATCH = YES;
				COPY_PHASE_STRIP = NO;
				DEBUG_INFORMATION_FORMAT = "dwarf-with-dsym";
				ENABLE_NS_ASSERTIONS = NO;
				ENABLE_STRICT_OBJC_MSGSEND = YES;
				GCC_C_LANGUAGE_STANDARD = gnu11;
				GCC_NO_COMMON_BLOCKS = YES;
				GCC_WARN_64_TO_32_BIT_CONVERSION = YES;
				GCC_WARN_ABOUT_RETURN_TYPE = YES_ERROR;
				GCC_WARN_UNDECLARED_SELECTOR = YES;
				GCC_WARN_UNINITIALIZED_AUTOS = YES_AGGRESSIVE;
				GCC_WARN_UNUSED_FUNCTION = YES;
				GCC_WARN_UNUSED_VARIABLE = YES;
				IPHONEOS_DEPLOYMENT_TARGET = 16.2;
				MTL_ENABLE_DEBUG_INFO = NO;
				MTL_FAST_MATH = YES;
				SDKROOT = iphoneos;
				SWIFT_COMPILATION_MODE = wholemodule;
				SWIFT_OPTIMIZATION_LEVEL = "-O";
				VALIDATE_PRODUCT = YES;
			};
			name = Release;
		};
		F469DEBB29CD690000F63183 /* Debug */ = {
			isa = XCBuildConfiguration;
			baseConfigurationReference = 01916FC2E90AE4661AEFE082 /* Pods-StonePaperScissor.debug.xcconfig */;
			buildSettings = {
				ASSETCATALOG_COMPILER_APPICON_NAME = AppIcon;
				ASSETCATALOG_COMPILER_GLOBAL_ACCENT_COLOR_NAME = AccentColor;
				CODE_SIGN_ENTITLEMENTS = StonePaperScissor/StonePaperScissor.entitlements;
				CODE_SIGN_IDENTITY = "Apple Development";
				CODE_SIGN_STYLE = Automatic;
				CURRENT_PROJECT_VERSION = 1;
				DEVELOPMENT_TEAM = 7DS2M392U2;
				GENERATE_INFOPLIST_FILE = YES;
				INFOPLIST_FILE = StonePaperScissor/Info.plist;
				INFOPLIST_KEY_CFBundleDisplayName = StonePaperScissorsFun;
				INFOPLIST_KEY_LSApplicationCategoryType = "public.app-category.kids-games";
				INFOPLIST_KEY_UIApplicationSupportsIndirectInputEvents = YES;
				INFOPLIST_KEY_UILaunchStoryboardName = LaunchScreen.storyboard;
				INFOPLIST_KEY_UIMainStoryboardFile = Main;
				INFOPLIST_KEY_UISupportedInterfaceOrientations = "UIInterfaceOrientationPortrait UIInterfaceOrientationPortraitUpsideDown";
				INFOPLIST_KEY_UIUserInterfaceStyle = Light;
				IPHONEOS_DEPLOYMENT_TARGET = 15.0;
				LD_RUNPATH_SEARCH_PATHS = (
					"$(inherited)",
					"@executable_path/Frameworks",
				);
				MARKETING_VERSION = 1.0;
				PRODUCT_BUNDLE_IDENTIFIER = com.sreedhar.StonePaperScissorsFun;
				PRODUCT_NAME = "$(TARGET_NAME)";
				PROVISIONING_PROFILE_SPECIFIER = "";
				SWIFT_EMIT_LOC_STRINGS = YES;
				SWIFT_VERSION = 5.0;
				TARGETED_DEVICE_FAMILY = "1,2";
			};
			name = Debug;
		};
		F469DEBC29CD690000F63183 /* Release */ = {
			isa = XCBuildConfiguration;
			baseConfigurationReference = 8429E009F7F2EE5ECE1C90F9 /* Pods-StonePaperScissor.release.xcconfig */;
			buildSettings = {
				ASSETCATALOG_COMPILER_APPICON_NAME = AppIcon;
				ASSETCATALOG_COMPILER_GLOBAL_ACCENT_COLOR_NAME = AccentColor;
				CODE_SIGN_ENTITLEMENTS = StonePaperScissor/StonePaperScissor.entitlements;
				CODE_SIGN_IDENTITY = "Apple Development";
				CODE_SIGN_STYLE = Automatic;
				CURRENT_PROJECT_VERSION = 1;
				DEVELOPMENT_TEAM = 7DS2M392U2;
				GENERATE_INFOPLIST_FILE = YES;
				INFOPLIST_FILE = StonePaperScissor/Info.plist;
				INFOPLIST_KEY_CFBundleDisplayName = StonePaperScissorsFun;
				INFOPLIST_KEY_LSApplicationCategoryType = "public.app-category.kids-games";
				INFOPLIST_KEY_UIApplicationSupportsIndirectInputEvents = YES;
				INFOPLIST_KEY_UILaunchStoryboardName = LaunchScreen.storyboard;
				INFOPLIST_KEY_UIMainStoryboardFile = Main;
				INFOPLIST_KEY_UISupportedInterfaceOrientations = "UIInterfaceOrientationPortrait UIInterfaceOrientationPortraitUpsideDown";
				INFOPLIST_KEY_UIUserInterfaceStyle = Light;
				IPHONEOS_DEPLOYMENT_TARGET = 15.0;
				LD_RUNPATH_SEARCH_PATHS = (
					"$(inherited)",
					"@executable_path/Frameworks",
				);
				MARKETING_VERSION = 1.0;
				PRODUCT_BUNDLE_IDENTIFIER = com.sreedhar.StonePaperScissorsFun;
				PRODUCT_NAME = "$(TARGET_NAME)";
				PROVISIONING_PROFILE_SPECIFIER = "";
				SWIFT_EMIT_LOC_STRINGS = YES;
				SWIFT_VERSION = 5.0;
				TARGETED_DEVICE_FAMILY = "1,2";
			};
			name = Release;
		};
/* End XCBuildConfiguration section */

/* Begin XCConfigurationList section */
		F469DEA129CD68F700F63183 /* Build configuration list for PBXProject "StonePaperScissor" */ = {
			isa = XCConfigurationList;
			buildConfigurations = (
				F469DEB829CD690000F63183 /* Debug */,
				F469DEB929CD690000F63183 /* Release */,
			);
			defaultConfigurationIsVisible = 0;
			defaultConfigurationName = Release;
		};
		F469DEBA29CD690000F63183 /* Build configuration list for PBXNativeTarget "StonePaperScissor" */ = {
			isa = XCConfigurationList;
			buildConfigurations = (
				F469DEBB29CD690000F63183 /* Debug */,
				F469DEBC29CD690000F63183 /* Release */,
			);
			defaultConfigurationIsVisible = 0;
			defaultConfigurationName = Release;
		};
/* End XCConfigurationList section */

/* Begin XCRemoteSwiftPackageReference section */
		1FBC53F129E832D0009B9BED /* XCRemoteSwiftPackageReference "firebase-ios-sdk" */ = {
			isa = XCRemoteSwiftPackageReference;
			repositoryURL = "https://github.com/firebase/firebase-ios-sdk";
			requirement = {
				branch = master;
				kind = branch;
			};
		};
/* End XCRemoteSwiftPackageReference section */

/* Begin XCSwiftPackageProductDependency section */
		1FBC53F229E832D0009B9BED /* FirebaseAnalytics */ = {
			isa = XCSwiftPackageProductDependency;
			package = 1FBC53F129E832D0009B9BED /* XCRemoteSwiftPackageReference "firebase-ios-sdk" */;
			productName = FirebaseAnalytics;
		};
		1FBC53F429E832D0009B9BED /* FirebaseAnalyticsWithoutAdIdSupport */ = {
			isa = XCSwiftPackageProductDependency;
			package = 1FBC53F129E832D0009B9BED /* XCRemoteSwiftPackageReference "firebase-ios-sdk" */;
			productName = FirebaseAnalyticsWithoutAdIdSupport;
		};
/* End XCSwiftPackageProductDependency section */
	};
	rootObject = F469DE9E29CD68F700F63183 /* Project object */;
}
